{
  "lockfileVersion": 1,
  "configVersion": 1,
  "workspaces": {
    "": {
      "dependencies": {
        "@kilocode/plugin": "7.0.46",
        "obs-websocket-js": "^5.0.7",
      },
      "devDependencies": {
        "@types/bun": "^1.3.10",
        "@types/node": "^25.5.0",
      },
    },
  },
  "packages": {
    "@kilocode/plugin": ["@kilocode/plugin@7.0.46", "", { "dependencies": { "@kilocode/sdk": "7.0.46", "zod": "4.1.8" } }, "sha512-2n7Cm5HUSHFwtZzC/ZQYqyPlI6EpnKbpX70JM7zwHQEb3+v6n4xKypeNb8PAmJjU+n9ipcYHi1wBxDCKpBYj2Q=="],

    "@kilocode/sdk": ["@kilocode/sdk@7.0.46", "", {}, "sha512-YsORlQMnl1TJjzBrSpk1GA6sAlHb9cosz2Ut3xCfb2F9n6nOy/hl9Fnjw+dztyh2e/Xa3FAce2hJdJlM6uU5iA=="],

    "@msgpack/msgpack": ["@msgpack/msgpack@2.8.0", "", {}, "sha512-h9u4u/jiIRKbq25PM+zymTyW6bhTzELvOoUd+AvYriWOAKpLGnIamaET3pnHYoI5iYphAHBI4ayx0MehR+VVPQ=="],

    "@types/bun": ["@types/bun@1.3.10", "", { "dependencies": { "bun-types": "1.3.10" } }, "sha512-0+rlrUrOrTSskibryHbvQkDOWRJwJZqZlxrUs1u4oOoTln8+WIXBPmAuCF35SWB2z4Zl3E84Nl/D0P7803nigQ=="],

    "@types/node": ["@types/node@25.5.0", "", { "dependencies": { "undici-types": "~7.18.0" } }, "sha512-jp2P3tQMSxWugkCUKLRPVUpGaL5MVFwF8RDuSRztfwgN1wmqJeMSbKlnEtQqU8UrhTmzEmZdu2I6v2dpp7XIxw=="],

    "bun-types": ["bun-types@1.3.10", "", { "dependencies": { "@types/node": "*" } }, "sha512-tcpfCCl6XWo6nCVnpcVrxQ+9AYN1iqMIzgrSKYMB/fjLtV2eyAVEg7AxQJuCq/26R6HpKWykQXuSOq/21RYcbg=="],

    "crypto-js": ["crypto-js@4.2.0", "", {}, "sha512-KALDyEYgpY+Rlob/iriUtjV6d5Eq+Y191A5g4UqLAi8CyGP9N1+FdVbkc1SxKc2r4YAYqG8JzO2KGL+AizD70Q=="],

    "debug": ["debug@4.4.3", "", { "dependencies": { "ms": "^2.1.3" } }, "sha512-RGwwWnwQvkVfavKVt22FGLw+xYSdzARwm0ru6DhTVA3umU5hZc28V3kO4stgYryrTlLpuvgI9GiijltAjNbcqA=="],

    "eventemitter3": ["eventemitter3@5.0.4", "", {}, "sha512-mlsTRyGaPBjPedk6Bvw+aqbsXDtoAyAzm5MO7JgU+yVRyMQ5O8bD4Kcci7BS85f93veegeCPkL8R4GLClnjLFw=="],

    "isomorphic-ws": ["isomorphic-ws@5.0.0", "", { "peerDependencies": { "ws": "*" } }, "sha512-muId7Zzn9ywDsyXgTIafTry2sV3nySZeUDe6YedVd1Hvuuep5AsIlqK+XefWpYTyJG5e503F2xIuT2lcU6rCSw=="],

    "ms": ["ms@2.1.3", "", {}, "sha512-6FlzubTLZG3J2a/NVCAleEhjzq5oxgHyaCU9yYXvcLsvoVaHJq/s5xXI6/XXP6tz7R9xAOtHnSO/tXtF3WRTlA=="],

    "obs-websocket-js": ["obs-websocket-js@5.0.7", "", { "dependencies": { "@msgpack/msgpack": "^2.7.1", "crypto-js": "^4.1.1", "debug": "^4.3.2", "eventemitter3": "^5.0.1", "isomorphic-ws": "^5.0.0", "type-fest": "^3.11.0", "ws": "^8.13.0" } }, "sha512-SdSNSyrLVR6F0ogInKr7qcadV1tYaTUse/vbabxjkUL8hU3P3dyifxkZ7pEkDDrtCp3TkQ53Enx23kgZO0Cjcw=="],

    "type-fest": ["type-fest@3.13.1", "", {}, "sha512-tLq3bSNx+xSpwvAJnzrK0Ep5CLNWjvFTOp71URMaAEWBfRb9nnJiBoUe0tF8bI4ZFO3omgBR6NvnbzVUT3Ly4g=="],

    "undici-types": ["undici-types@7.18.2", "", {}, "sha512-AsuCzffGHJybSaRrmr5eHr81mwJU3kjw6M+uprWvCXiNeN9SOGwQ3Jn8jb8m3Z6izVgknn1R0FTCEAP2QrLY/w=="],

    "ws": ["ws@8.19.0", "", { "peerDependencies": { "bufferutil": "^4.0.1", "utf-8-validate": ">=5.0.2" }, "optionalPeers": ["bufferutil", "utf-8-validate"] }, "sha512-blAT2mjOEIi0ZzruJfIhb3nps74PRWTCz1IjglWEEpQl5XS/UNama6u2/rjFkDDouqr4L67ry+1aGIALViWjDg=="],

    "zod": ["zod@4.1.8", "", {}, "sha512-5R1P+WwQqmmMIEACyzSvo4JXHY5WiAFHRMg+zBZKgKS+Q1viRa0C1hmUKtHltoIFKtIdki3pRxkmpP74jnNYHQ=="],
  }
}
